
Microsoft Visual Studio Solution File, Format Version 12.00
# Visual Studio Version 16
VisualStudioVersion = 16.0.31424.327
MinimumVisualStudioVersion = 10.0.40219.1
Project("{9A19103F-16F7-4668-BE54-9A1E7A4F7556}") = "MavenDotnet", "MavenDotnet.csproj", "{F67CF775-5DF9-4161-BC6A-00C3305FFAC7}"
EndProject
Global
	GlobalSection(SolutionConfigurationPlatforms) = preSolution
		Debug|Any CPU = Debug|Any CPU
		Release|Any CPU = Release|Any CPU
	EndGlobalSection
	GlobalSection(ProjectConfigurationPlatforms) = postSolution
		{F67CF775-5DF9-4161-BC6A-00C3305FFAC7}.Debug|Any CPU.ActiveCfg = Debug|Any CPU
		{F67CF775-5DF9-4161-BC6A-00C3305FFAC7}.Debug|Any CPU.Build.0 = Debug|Any CPU
		{F67CF775-5DF9-4161-BC6A-00C3305FFAC7}.Release|Any CPU.ActiveCfg = Release|Any CPU
		{F67CF775-5DF9-4161-BC6A-00C3305FFAC7}.Release|Any CPU.Build.0 = Release|Any CPU
	EndGlobalSection
	GlobalSection(SolutionProperties) = preSolution
		HideSolutionNode = FALSE
	EndGlobalSection
	GlobalSection(ExtensibilityGlobals) = postSolution
		SolutionGuid = {75C9952B-70AD-4D68-B04A-70B6B4FEFEF9}
	EndGlobalSection
EndGlobal
